
Microsoft Visual Studio Solution File, Format Version 12.00
# Visual Studio 2013
VisualStudioVersion = 12.0.31101.0
MinimumVisualStudioVersion = 10.0.40219.1
Project("{FAE04EC0-301F-11D3-BF4B-00C04F79EFBC}") = "CSCore", "CSCore\CSCore.csproj", "{C3DCCFE3-DD3F-4EEE-849B-33E355B1E064}"
	ProjectSection(ProjectDependencies) = postProject
		{9522588A-5311-41F1-814C-4FB626FC0B47} = {9522588A-5311-41F1-814C-4FB626FC0B47}
		{9C5B4994-70C3-489D-933C-E2049C0505DB} = {9C5B4994-70C3-489D-933C-E2049C0505DB}
	EndProjectSection
EndProject
Project("{2150E333-8FDC-42A3-9474-1A3956D46DE8}") = "Tools", "Tools", "{1F24CB15-2CD3-432A-BE46-65CCE8A9DCF3}"
EndProject
Project("{FAE04EC0-301F-11D3-BF4B-00C04F79EFBC}") = "CSCli", "Tools\CSCli\CSCli.csproj", "{9C5B4994-70C3-489D-933C-E2049C0505DB}"
EndProject
Project("{FAE04EC0-301F-11D3-BF4B-00C04F79EFBC}") = "InlineILCompiler", "Tools\InlineILCompiler\InlineILCompiler\InlineILCompiler.csproj", "{9522588A-5311-41F1-814C-4FB626FC0B47}"
EndProject
Project("{FAE04EC0-301F-11D3-BF4B-00C04F79EFBC}") = "Hardware Mixer", "Hardware Mixer\Hardware Mixer.csproj", "{C6F0D42E-A5D4-4A7B-AD77-91A84449DE04}"
EndProject
Global
	GlobalSection(SolutionConfigurationPlatforms) = preSolution
		Debug|Any CPU = Debug|Any CPU
		Debug|Mixed Platforms = Debug|Mixed Platforms
		Debug|Win32 = Debug|Win32
		Release|Any CPU = Release|Any CPU
		Release|Mixed Platforms = Release|Mixed Platforms
		Release|Win32 = Release|Win32
	EndGlobalSection
	GlobalSection(ProjectConfigurationPlatforms) = postSolution
		{C3DCCFE3-DD3F-4EEE-849B-33E355B1E064}.Debug|Any CPU.ActiveCfg = Debug|Any CPU
		{C3DCCFE3-DD3F-4EEE-849B-33E355B1E064}.Debug|Any CPU.Build.0 = Debug|Any CPU
		{C3DCCFE3-DD3F-4EEE-849B-33E355B1E064}.Debug|Mixed Platforms.ActiveCfg = Debug|Any CPU
		{C3DCCFE3-DD3F-4EEE-849B-33E355B1E064}.Debug|Mixed Platforms.Build.0 = Debug|Any CPU
		{C3DCCFE3-DD3F-4EEE-849B-33E355B1E064}.Debug|Win32.ActiveCfg = Debug|Any CPU
		{C3DCCFE3-DD3F-4EEE-849B-33E355B1E064}.Release|Any CPU.ActiveCfg = Release|Any CPU
		{C3DCCFE3-DD3F-4EEE-849B-33E355B1E064}.Release|Any CPU.Build.0 = Release|Any CPU
		{C3DCCFE3-DD3F-4EEE-849B-33E355B1E064}.Release|Mixed Platforms.ActiveCfg = Release|Any CPU
		{C3DCCFE3-DD3F-4EEE-849B-33E355B1E064}.Release|Mixed Platforms.Build.0 = Release|Any CPU
		{C3DCCFE3-DD3F-4EEE-849B-33E355B1E064}.Release|Win32.ActiveCfg = Release|Any CPU
		{9C5B4994-70C3-489D-933C-E2049C0505DB}.Debug|Any CPU.ActiveCfg = Debug|Any CPU
		{9C5B4994-70C3-489D-933C-E2049C0505DB}.Debug|Any CPU.Build.0 = Debug|Any CPU
		{9C5B4994-70C3-489D-933C-E2049C0505DB}.Debug|Mixed Platforms.ActiveCfg = Debug|Any CPU
		{9C5B4994-70C3-489D-933C-E2049C0505DB}.Debug|Mixed Platforms.Build.0 = Debug|Any CPU
		{9C5B4994-70C3-489D-933C-E2049C0505DB}.Debug|Win32.ActiveCfg = Debug|Any CPU
		{9C5B4994-70C3-489D-933C-E2049C0505DB}.Release|Any CPU.ActiveCfg = Release|Any CPU
		{9C5B4994-70C3-489D-933C-E2049C0505DB}.Release|Any CPU.Build.0 = Release|Any CPU
		{9C5B4994-70C3-489D-933C-E2049C0505DB}.Release|Mixed Platforms.ActiveCfg = Release|Any CPU
		{9C5B4994-70C3-489D-933C-E2049C0505DB}.Release|Mixed Platforms.Build.0 = Release|Any CPU
		{9C5B4994-70C3-489D-933C-E2049C0505DB}.Release|Win32.ActiveCfg = Release|Any CPU
		{9522588A-5311-41F1-814C-4FB626FC0B47}.Debug|Any CPU.ActiveCfg = Debug|Any CPU
		{9522588A-5311-41F1-814C-4FB626FC0B47}.Debug|Any CPU.Build.0 = Debug|Any CPU
		{9522588A-5311-41F1-814C-4FB626FC0B47}.Debug|Mixed Platforms.ActiveCfg = Debug|Any CPU
		{9522588A-5311-41F1-814C-4FB626FC0B47}.Debug|Mixed Platforms.Build.0 = Debug|Any CPU
		{9522588A-5311-41F1-814C-4FB626FC0B47}.Debug|Win32.ActiveCfg = Debug|Any CPU
		{9522588A-5311-41F1-814C-4FB626FC0B47}.Release|Any CPU.ActiveCfg = Release|Any CPU
		{9522588A-5311-41F1-814C-4FB626FC0B47}.Release|Any CPU.Build.0 = Release|Any CPU
		{9522588A-5311-41F1-814C-4FB626FC0B47}.Release|Mixed Platforms.ActiveCfg = Release|Any CPU
		{9522588A-5311-41F1-814C-4FB626FC0B47}.Release|Mixed Platforms.Build.0 = Release|Any CPU
		{9522588A-5311-41F1-814C-4FB626FC0B47}.Release|Win32.ActiveCfg = Release|Any CPU
		{C6F0D42E-A5D4-4A7B-AD77-91A84449DE04}.Debug|Any CPU.ActiveCfg = Debug|Any CPU
		{C6F0D42E-A5D4-4A7B-AD77-91A84449DE04}.Debug|Any CPU.Build.0 = Debug|Any CPU
		{C6F0D42E-A5D4-4A7B-AD77-91A84449DE04}.Debug|Mixed Platforms.ActiveCfg = Debug|Any CPU
		{C6F0D42E-A5D4-4A7B-AD77-91A84449DE04}.Debug|Mixed Platforms.Build.0 = Debug|Any CPU
		{C6F0D42E-A5D4-4A7B-AD77-91A84449DE04}.Debug|Win32.ActiveCfg = Debug|Any CPU
		{C6F0D42E-A5D4-4A7B-AD77-91A84449DE04}.Release|Any CPU.ActiveCfg = Release|Any CPU
		{C6F0D42E-A5D4-4A7B-AD77-91A84449DE04}.Release|Any CPU.Build.0 = Release|Any CPU
		{C6F0D42E-A5D4-4A7B-AD77-91A84449DE04}.Release|Mixed Platforms.ActiveCfg = Release|Any CPU
		{C6F0D42E-A5D4-4A7B-AD77-91A84449DE04}.Release|Mixed Platforms.Build.0 = Release|Any CPU
		{C6F0D42E-A5D4-4A7B-AD77-91A84449DE04}.Release|Win32.ActiveCfg = Release|Any CPU
	EndGlobalSection
	GlobalSection(SolutionProperties) = preSolution
		HideSolutionNode = FALSE
	EndGlobalSection
	GlobalSection(NestedProjects) = preSolution
		{9C5B4994-70C3-489D-933C-E2049C0505DB} = {1F24CB15-2CD3-432A-BE46-65CCE8A9DCF3}
		{9522588A-5311-41F1-814C-4FB626FC0B47} = {1F24CB15-2CD3-432A-BE46-65CCE8A9DCF3}
	EndGlobalSection
	GlobalSection(Performance) = preSolution
		HasPerformanceSessions = true
	EndGlobalSection
EndGlobal
